// !$*UTF8*$!
{
	archiveVersion = 1;
	classes = {
	};
	objectVersion = 46;
	objects = {

/* Begin PBXBuildFile section */
		FCC6C4D819A58C7A0063EC3C /* main.swift in Sources */ = {isa = PBXBuildFile; fileRef = FCC6C4D719A58C7A0063EC3C /* main.swift */; };
		FCC6C4DC19A58C7A0063EC3C /* AppDelegate.swift in Sources */ = {isa = PBXBuildFile; fileRef = FCC6C4DB19A58C7A0063EC3C /* AppDelegate.swift */; };
		FCC6C4DE19A58C7A0063EC3C /* Images.xcassets in Resources */ = {isa = PBXBuildFile; fileRef = FCC6C4DD19A58C7A0063EC3C /* Images.xcassets */; };
		FCC6C4E119A58C7A0063EC3C /* Main.storyboard in Resources */ = {isa = PBXBuildFile; fileRef = FCC6C4DF19A58C7A0063EC3C /* Main.storyboard */; };
		FCC6C4F719A58D370063EC3C /* MenuBarButton.png in Resources */ = {isa = PBXBuildFile; fileRef = FCC6C4F619A58D370063EC3C /* MenuBarButton.png */; };
/* End PBXBuildFile section */

/* Begin PBXFileReference section */
		FCC6C4D219A58C7A0063EC3C /* TestMenuBar.app */ = {isa = PBXFileReference; explicitFileType = wrapper.application; includeInIndex = 0; path = TestMenuBar.app; sourceTree = BUILT_PRODUCTS_DIR; };
		FCC6C4D619A58C7A0063EC3C /* Info.plist */ = {isa = PBXFileReference; lastKnownFileType = text.plist.xml; path = Info.plist; sourceTree = "<group>"; };
		FCC6C4D719A58C7A0063EC3C /* main.swift */ = {isa = PBXFileReference; lastKnownFileType = sourcecode.swift; path = main.swift; sourceTree = "<group>"; };
		FCC6C4DB19A58C7A0063EC3C /* AppDelegate.swift */ = {isa = PBXFileReference; lastKnownFileType = sourcecode.swift; path = AppDelegate.swift; sourceTree = "<group>"; };
		FCC6C4DD19A58C7A0063EC3C /* Images.xcassets */ = {isa = PBXFileReference; lastKnownFileType = folder.assetcatalog; path = Images.xcassets; sourceTree = "<group>"; };
		FCC6C4E019A58C7A0063EC3C /* Base */ = {isa = PBXFileReference; lastKnownFileType = file.storyboard; name = Base; path = Base.lproj/Main.storyboard; sourceTree = "<group>"; };
		FCC6C4F619A58D370063EC3C /* MenuBarButton.png */ = {isa = PBXFileReference; lastKnownFileType = image.png; path = MenuBarButton.png; sourceTree = "<group>"; };
/* End PBXFileReference section */

/* Begin PBXFrameworksBuildPhase section */
		FCC6C4CF19A58C7A0063EC3C /* Frameworks */ = {
			isa = PBXFrameworksBuildPhase;
			buildActionMask = 2147483647;
			files = (
			);
			runOnlyForDeploymentPostprocessing = 0;
		};
/* End PBXFrameworksBuildPhase section */

/* Begin PBXGroup section */
		FCC6C4C919A58C7A0063EC3C = {
			isa = PBXGroup;
			children = (
				FCC6C4D419A58C7A0063EC3C /* TestMenuBar */,
				FCC6C4D319A58C7A0063EC3C /* Products */,
			);
			sourceTree = "<group>";
		};
		FCC6C4D319A58C7A0063EC3C /* Products */ = {
			isa = PBXGroup;
			children = (
				FCC6C4D219A58C7A0063EC3C /* TestMenuBar.app */,
			);
			name = Products;
			sourceTree = "<group>";
		};
		FCC6C4D419A58C7A0063EC3C /* TestMenuBar */ = {
			isa = PBXGroup;
			children = (
				FCC6C4DB19A58C7A0063EC3C /* AppDelegate.swift */,
				FCC6C4DD19A58C7A0063EC3C /* Images.xcassets */,
				FCC6C4DF19A58C7A0063EC3C /* Main.storyboard */,
				FCC6C4D519A58C7A0063EC3C /* Supporting Files */,
			);
			path = TestMenuBar;
			sourceTree = "<group>";
		};
		FCC6C4D519A58C7A0063EC3C /* Supporting Files */ = {
			isa = PBXGroup;
			children = (
				FCC6C4F619A58D370063EC3C /* MenuBarButton.png */,
				FCC6C4D619A58C7A0063EC3C /* Info.plist */,
				FCC6C4D719A58C7A0063EC3C /* main.swift */,
			);
			name = "Supporting Files";
			sourceTree = "<group>";
		};
/* End PBXGroup section */

/* Begin PBXNativeTarget section */
		FCC6C4D119A58C7A0063EC3C /* TestMenuBar */ = {
			isa = PBXNativeTarget;
			buildConfigurationList = FCC6C4F019A58C7A0063EC3C /* Build configuration list for PBXNativeTarget "TestMenuBar" */;
			buildPhases = (
				FCC6C4CE19A58C7A0063EC3C /* Sources */,
				FCC6C4CF19A58C7A0063EC3C /* Frameworks */,
				FCC6C4D019A58C7A0063EC3C /* Resources */,
			);
			buildRules = (
			);
			dependencies = (
			);
			name = TestMenuBar;
			productName = TestMenuBar;
			productReference = FCC6C4D219A58C7A0063EC3C /* TestMenuBar.app */;
			productType = "com.apple.product-type.application";
		};
/* End PBXNativeTarget section */

/* Begin PBXProject section */
		FCC6C4CA19A58C7A0063EC3C /* Project object */ = {
			isa = PBXProject;
			attributes = {
				LastUpgradeCheck = 0920;
				ORGANIZATIONNAME = "Kelvin Ng";
				TargetAttributes = {
					FCC6C4D119A58C7A0063EC3C = {
						CreatedOnToolsVersion = 6.0;
						LastSwiftMigration = 0920;
					};
				};
			};
			buildConfigurationList = FCC6C4CD19A58C7A0063EC3C /* Build configuration list for PBXProject "TestMenuBar" */;
			compatibilityVersion = "Xcode 3.2";
			developmentRegion = English;
			hasScannedForEncodings = 0;
			knownRegions = (
				en,
				Base,
			);
			mainGroup = FCC6C4C919A58C7A0063EC3C;
			productRefGroup = FCC6C4D319A58C7A0063EC3C /* Products */;
			projectDirPath = "";
			projectRoot = "";
			targets = (
				FCC6C4D119A58C7A0063EC3C /* TestMenuBar */,
			);
		};
/* End PBXProject section */

/* Begin PBXResourcesBuildPhase section */
		FCC6C4D019A58C7A0063EC3C /* Resources */ = {
			isa = PBXResourcesBuildPhase;
			buildActionMask = 2147483647;
			files = (
				FCC6C4DE19A58C7A0063EC3C /* Images.xcassets in Resources */,
				FCC6C4E119A58C7A0063EC3C /* Main.storyboard in Resources */,
				FCC6C4F719A58D370063EC3C /* MenuBarButton.png in Resources */,
			);
			runOnlyForDeploymentPostprocessing = 0;
		};
/* End PBXResourcesBuildPhase section */

/* Begin PBXSourcesBuildPhase section */
		FCC6C4CE19A58C7A0063EC3C /* Sources */ = {
			isa = PBXSourcesBuildPhase;
			buildActionMask = 2147483647;
			files = (
				FCC6C4DC19A58C7A0063EC3C /* AppDelegate.swift in Sources */,
				FCC6C4D819A58C7A0063EC3C /* main.swift in Sources */,
			);
			runOnlyForDeploymentPostprocessing = 0;
		};
/* End PBXSourcesBuildPhase section */

/* Begin PBXVariantGroup section */
		FCC6C4DF19A58C7A0063EC3C /* Main.storyboard */ = {
			isa = PBXVariantGroup;
			children = (
				FCC6C4E019A58C7A0063EC3C /* Base */,
			);
			name = Main.storyboard;
			sourceTree = "<group>";
		};
/* End PBXVariantGroup section */

/* Begin XCBuildConfiguration section */
		FCC6C4EE19A58C7A0063EC3C /* Debug */ = {
			isa = XCBuildConfiguration;
			buildSettings = {
				ALWAYS_SEARCH_USER_PATHS = NO;
				CLANG_CXX_LANGUAGE_STANDARD = "gnu++0x";
				CLANG_CXX_LIBRARY = "libc++";
				CLANG_ENABLE_MODULES = YES;
				CLANG_ENABLE_OBJC_ARC = YES;
				CLANG_WARN_BLOCK_CAPTURE_AUTORELEASING = YES;
				CLANG_WARN_BOOL_CONVERSION = YES;
				CLANG_WARN_COMMA = YES;
				CLANG_WARN_CONSTANT_CONVERSION = YES;
				CLANG_WARN_DIRECT_OBJC_ISA_USAGE = YES_ERROR;
				CLANG_WARN_EMPTY_BODY = YES;
				CLANG_WARN_ENUM_CONVERSION = YES;
				CLANG_WARN_INFINITE_RECURSION = YES;
				CLANG_WARN_INT_CONVERSION = YES;
				CLANG_WARN_NON_LITERAL_NULL_CONVERSION = YES;
				CLANG_WARN_OBJC_LITERAL_CONVERSION = YES;
				CLANG_WARN_OBJC_ROOT_CLASS = YES_ERROR;
				CLANG_WARN_RANGE_LOOP_ANALYSIS = YES;
				CLANG_WARN_STRICT_PROTOTYPES = YES;
				CLANG_WARN_SUSPICIOUS_MOVE = YES;
				CLANG_WARN_UNREACHABLE_CODE = YES;
				CLANG_WARN__DUPLICATE_METHOD_MATCH = YES;
				CODE_SIGN_IDENTITY = "-";
				COPY_PHASE_STRIP = NO;
				ENABLE_STRICT_OBJC_MSGSEND = YES;
				ENABLE_TESTABILITY = YES;
				GCC_C_LANGUAGE_STANDARD = gnu99;
				GCC_DYNAMIC_NO_PIC = NO;
				GCC_NO_COMMON_BLOCKS = YES;
				GCC_OPTIMIZATION_LEVEL = 0;
				GCC_PREPROCESSOR_DEFINITIONS = (
					"DEBUG=1",
					"$(inherited)",
				);
				GCC_SYMBOLS_PRIVATE_EXTERN = NO;
				GCC_WARN_64_TO_32_BIT_CONVERSION = YES;
				GCC_WARN_ABOUT_RETURN_TYPE = YES_ERROR;
				GCC_WARN_UNDECLARED_SELECTOR = YES;
				GCC_WARN_UNINITIALIZED_AUTOS = YES_AGGRESSIVE;
				GCC_WARN_UNUSED_FUNCTION = YES;
				GCC_WARN_UNUSED_VARIABLE = YES;
				MACOSX_DEPLOYMENT_TARGET = 10.10;
				MTL_ENABLE_DEBUG_INFO = YES;
				ONLY_ACTIVE_ARCH = YES;
				SDKROOT = macosx;
				SWIFT_OPTIMIZATION_LEVEL = "-Onone";
			};
			name = Debug;
		};
		FCC6C4EF19A58C7A0063EC3C /* Release */ = {
			isa = XCBuildConfiguration;
			buildSettings = {
				ALWAYS_SEARCH_USER_PATHS = NO;
				CLANG_CXX_LANGUAGE_STANDARD = "gnu++0x";
				CLANG_CXX_LIBRARY = "libc++";
				CLANG_ENABLE_MODULES = YES;
				CLANG_ENABLE_OBJC_ARC = YES;
				CLANG_WARN_BLOCK_CAPTURE_AUTORELEASING = YES;
				CLANG_WARN_BOOL_CONVERSION = YES;
				CLANG_WARN_COMMA = YES;
				CLANG_WARN_CONSTANT_CONVERSION = YES;
				CLANG_WARN_DIRECT_OBJC_ISA_USAGE = YES_ERROR;
				CLANG_WARN_EMPTY_BODY = YES;
				CLANG_WARN_ENUM_CONVERSION = YES;
				CLANG_WARN_INFINITE_RECURSION = YES;
				CLANG_WARN_INT_CONVERSION = YES;
				CLANG_WARN_NON_LITERAL_NULL_CONVERSION = YES;
				CLANG_WARN_OBJC_LITERAL_CONVERSION = YES;
				CLANG_WARN_OBJC_ROOT_CLASS = YES_ERROR;
				CLANG_WARN_RANGE_LOOP_ANALYSIS = YES;
				CLANG_WARN_STRICT_PROTOTYPES = YES;
				CLANG_WARN_SUSPICIOUS_MOVE = YES;
				CLANG_WARN_UNREACHABLE_CODE = YES;
				CLANG_WARN__DUPLICATE_METHOD_MATCH = YES;
				CODE_SIGN_IDENTITY = "-";
				COPY_PHASE_STRIP = YES;
				DEBUG_INFORMATION_FORMAT = "dwarf-with-dsym";
				ENABLE_NS_ASSERTIONS = NO;
				ENABLE_STRICT_OBJC_MSGSEND = YES;
				GCC_C_LANGUAGE_STANDARD = gnu99;
				GCC_NO_COMMON_BLOCKS = YES;
				GCC_WARN_64_TO_32_BIT_CONVERSION = YES;
				GCC_WARN_ABOUT_RETURN_TYPE = YES_ERROR;
				GCC_WARN_UNDECLARED_SELECTOR = YES;
				GCC_WARN_UNINITIALIZED_AUTOS = YES_AGGRESSIVE;
				GCC_WARN_UNUSED_FUNCTION = YES;
				GCC_WARN_UNUSED_VARIABLE = YES;
				MACOSX_DEPLOYMENT_TARGET = 10.10;
				MTL_ENABLE_DEBUG_INFO = NO;
				SDKROOT = macosx;
				SWIFT_OPTIMIZATION_LEVEL = "-Owholemodule";
			};
			name = Release;
		};
		FCC6C4F119A58C7A0063EC3C /* Debug */ = {
			isa = XCBuildConfiguration;
			buildSettings = {
				ASSETCATALOG_COMPILER_APPICON_NAME = AppIcon;
				COMBINE_HIDPI_IMAGES = YES;
				INFOPLIST_FILE = TestMenuBar/Info.plist;
				LD_RUNPATH_SEARCH_PATHS = "$(inherited) @executable_path/../Frameworks";
				PRODUCT_BUNDLE_IDENTIFIER = your.domain.TestMenuBar;
				PRODUCT_NAME = "$(TARGET_NAME)";
				SWIFT_SWIFT3_OBJC_INFERENCE = Default;
				SWIFT_VERSION = 4.0;
			};
			name = Debug;
		};
		FCC6C4F219A58C7A0063EC3C /* Release */ = {
			isa = XCBuildConfiguration;
			buildSettings = {
				ASSETCATALOG_COMPILER_APPICON_NAME = AppIcon;
				COMBINE_HIDPI_IMAGES = YES;
				INFOPLIST_FILE = TestMenuBar/Info.plist;
				LD_RUNPATH_SEARCH_PATHS = "$(inherited) @executable_path/../Frameworks";
				PRODUCT_BUNDLE_IDENTIFIER = your.domain.TestMenuBar;
				PRODUCT_NAME = "$(TARGET_NAME)";
				SWIFT_SWIFT3_OBJC_INFERENCE = Default;
				SWIFT_VERSION = 4.0;
			};
			name = Release;
		};
/* End XCBuildConfiguration section */

/* Begin XCConfigurationList section */
		FCC6C4CD19A58C7A0063EC3C /* Build configuration list for PBXProject "TestMenuBar" */ = {
			isa = XCConfigurationList;
			buildConfigurations = (
				FCC6C4EE19A58C7A0063EC3C /* Debug */,
				FCC6C4EF19A58C7A0063EC3C /* Release */,
			);
			defaultConfigurationIsVisible = 0;
			defaultConfigurationName = Release;
		};
		FCC6C4F019A58C7A0063EC3C /* Build configuration list for PBXNativeTarget "TestMenuBar" */ = {
			isa = XCConfigurationList;
			buildConfigurations = (
				FCC6C4F119A58C7A0063EC3C /* Debug */,
				FCC6C4F219A58C7A0063EC3C /* Release */,
			);
			defaultConfigurationIsVisible = 0;
			defaultConfigurationName = Release;
		};
/* End XCConfigurationList section */
	};
	rootObject = FCC6C4CA19A58C7A0063EC3C /* Project object */;
}
